
Microsoft Visual Studio Solution File, Format Version 12.00
# Visual Studio Version 17
VisualStudioVersion = 17.0.31919.166
MinimumVisualStudioVersion = 10.0.40219.1
Project("{9A19103F-16F7-4668-BE54-9A1E7A4F7556}") = "PractiveCS", "PractiveCS\PractiveCS.csproj", "{583902DF-BB3A-4878-95E1-6B35C1EA7DD0}"
EndProject
Project("{FAE04EC0-301F-11D3-BF4B-00C04F79EFBC}") = "PracticeLinq", "PracticeLinq\PracticeLinq.csproj", "{807C1261-9250-42D7-927E-517849FFB002}"
EndProject
Global
	GlobalSection(SolutionConfigurationPlatforms) = preSolution
		Debug|Any CPU = Debug|Any CPU
		Release|Any CPU = Release|Any CPU
	EndGlobalSection
	GlobalSection(ProjectConfigurationPlatforms) = postSolution
		{583902DF-BB3A-4878-95E1-6B35C1EA7DD0}.Debug|Any CPU.ActiveCfg = Debug|Any CPU
		{583902DF-BB3A-4878-95E1-6B35C1EA7DD0}.Debug|Any CPU.Build.0 = Debug|Any CPU
		{583902DF-BB3A-4878-95E1-6B35C1EA7DD0}.Release|Any CPU.ActiveCfg = Release|Any CPU
		{583902DF-BB3A-4878-95E1-6B35C1EA7DD0}.Release|Any CPU.Build.0 = Release|Any CPU
		{807C1261-9250-42D7-927E-517849FFB002}.Debug|Any CPU.ActiveCfg = Debug|Any CPU
		{807C1261-9250-42D7-927E-517849FFB002}.Debug|Any CPU.Build.0 = Debug|Any CPU
		{807C1261-9250-42D7-927E-517849FFB002}.Release|Any CPU.ActiveCfg = Release|Any CPU
		{807C1261-9250-42D7-927E-517849FFB002}.Release|Any CPU.Build.0 = Release|Any CPU
	EndGlobalSection
	GlobalSection(SolutionProperties) = preSolution
		HideSolutionNode = FALSE
	EndGlobalSection
	GlobalSection(ExtensibilityGlobals) = postSolution
		SolutionGuid = {BC94F85C-920E-4FC7-BFA6-9E10E14FE31A}
	EndGlobalSection
EndGlobal
